// !$*UTF8*$!
{
	archiveVersion = 1;
	classes = {
	};
	objectVersion = 56;
	objects = {

/* Begin PBXBuildFile section */
		B62829D32B43D0B9004AE819 /* giraffe.mp4 in Resources */ = {isa = PBXBuildFile; fileRef = B62829C92B43D0B9004AE819 /* giraffe.mp4 */; };
		B62829D42B43D0B9004AE819 /* ostrich.mp4 in Resources */ = {isa = PBXBuildFile; fileRef = B62829CA2B43D0B9004AE819 /* ostrich.mp4 */; };
		B62829D52B43D0B9004AE819 /* zebra.mp4 in Resources */ = {isa = PBXBuildFile; fileRef = B62829CB2B43D0B9004AE819 /* zebra.mp4 */; };
		B62829D62B43D0B9004AE819 /* hippo.mp4 in Resources */ = {isa = PBXBuildFile; fileRef = B62829CC2B43D0B9004AE819 /* hippo.mp4 */; };
		B62829D72B43D0B9004AE819 /* cheetah.mp4 in Resources */ = {isa = PBXBuildFile; fileRef = B62829CD2B43D0B9004AE819 /* cheetah.mp4 */; };
		B62829D82B43D0B9004AE819 /* gorilla.mp4 in Resources */ = {isa = PBXBuildFile; fileRef = B62829CE2B43D0B9004AE819 /* gorilla.mp4 */; };
		B62829D92B43D0B9004AE819 /* elephant.mp4 in Resources */ = {isa = PBXBuildFile; fileRef = B62829CF2B43D0B9004AE819 /* elephant.mp4 */; };
		B62829DA2B43D0B9004AE819 /* lioness.mp4 in Resources */ = {isa = PBXBuildFile; fileRef = B62829D02B43D0B9004AE819 /* lioness.mp4 */; };
		B62829DB2B43D0B9004AE819 /* lion.mp4 in Resources */ = {isa = PBXBuildFile; fileRef = B62829D12B43D0B9004AE819 /* lion.mp4 */; };
		B62829DC2B43D0B9004AE819 /* rhino.mp4 in Resources */ = {isa = PBXBuildFile; fileRef = B62829D22B43D0B9004AE819 /* rhino.mp4 */; };
		B62829E22B43D134004AE819 /* locations.json in Resources */ = {isa = PBXBuildFile; fileRef = B62829DE2B43D134004AE819 /* locations.json */; };
		B62829E32B43D134004AE819 /* covers.json in Resources */ = {isa = PBXBuildFile; fileRef = B62829DF2B43D134004AE819 /* covers.json */; };
		B62829E42B43D134004AE819 /* animals.json in Resources */ = {isa = PBXBuildFile; fileRef = B62829E02B43D134004AE819 /* animals.json */; };
		B62829E52B43D134004AE819 /* videos.json in Resources */ = {isa = PBXBuildFile; fileRef = B62829E12B43D134004AE819 /* videos.json */; };
		B62829EB2B43D56B004AE819 /* MainView.swift in Sources */ = {isa = PBXBuildFile; fileRef = B62829EA2B43D56B004AE819 /* MainView.swift */; };
		B62829ED2B43D5E1004AE819 /* VideoListView.swift in Sources */ = {isa = PBXBuildFile; fileRef = B62829EC2B43D5E1004AE819 /* VideoListView.swift */; };
		B62829EF2B43D609004AE819 /* MapView.swift in Sources */ = {isa = PBXBuildFile; fileRef = B62829EE2B43D609004AE819 /* MapView.swift */; };
		B62829F12B43D635004AE819 /* GalleryView.swift in Sources */ = {isa = PBXBuildFile; fileRef = B62829F02B43D635004AE819 /* GalleryView.swift */; };
		B62829F32B43E315004AE819 /* CoverImageView.swift in Sources */ = {isa = PBXBuildFile; fileRef = B62829F22B43E315004AE819 /* CoverImageView.swift */; };
		B62829F52B43EEDD004AE819 /* CoverImageModel.swift in Sources */ = {isa = PBXBuildFile; fileRef = B62829F42B43EEDD004AE819 /* CoverImageModel.swift */; };
		B62829F72B43F494004AE819 /* CodableBundleExtension.swift in Sources */ = {isa = PBXBuildFile; fileRef = B62829F62B43F494004AE819 /* CodableBundleExtension.swift */; };
		B62829FA2B4408C7004AE819 /* AnimalListView.swift in Sources */ = {isa = PBXBuildFile; fileRef = B62829F92B4408C7004AE819 /* AnimalListView.swift */; };
		B62829FC2B441062004AE819 /* AnimalListModel.swift in Sources */ = {isa = PBXBuildFile; fileRef = B62829FB2B441062004AE819 /* AnimalListModel.swift */; };
		B62829FE2B441411004AE819 /* AnimalDetailedView.swift in Sources */ = {isa = PBXBuildFile; fileRef = B62829FD2B441411004AE819 /* AnimalDetailedView.swift */; };
		B6282A022B442575004AE819 /* AnimalGalleryView.swift in Sources */ = {isa = PBXBuildFile; fileRef = B6282A012B442575004AE819 /* AnimalGalleryView.swift */; };
		B6282A042B4427B4004AE819 /* SubHeadingView.swift in Sources */ = {isa = PBXBuildFile; fileRef = B6282A032B4427B4004AE819 /* SubHeadingView.swift */; };
		B6282A062B443B68004AE819 /* InsetFactView.swift in Sources */ = {isa = PBXBuildFile; fileRef = B6282A052B443B68004AE819 /* InsetFactView.swift */; };
		B6BDE9052B43C95700929211 /* AfricaApp.swift in Sources */ = {isa = PBXBuildFile; fileRef = B6BDE9042B43C95700929211 /* AfricaApp.swift */; };
		B6BDE9072B43C95700929211 /* ContentView.swift in Sources */ = {isa = PBXBuildFile; fileRef = B6BDE9062B43C95700929211 /* ContentView.swift */; };
		B6BDE9092B43C95A00929211 /* Assets.xcassets in Resources */ = {isa = PBXBuildFile; fileRef = B6BDE9082B43C95A00929211 /* Assets.xcassets */; };
		B6BDE90C2B43C95A00929211 /* Preview Assets.xcassets in Resources */ = {isa = PBXBuildFile; fileRef = B6BDE90B2B43C95A00929211 /* Preview Assets.xcassets */; };
/* End PBXBuildFile section */

/* Begin PBXFileReference section */
		B62829C92B43D0B9004AE819 /* giraffe.mp4 */ = {isa = PBXFileReference; lastKnownFileType = file; path = giraffe.mp4; sourceTree = "<group>"; };
		B62829CA2B43D0B9004AE819 /* ostrich.mp4 */ = {isa = PBXFileReference; lastKnownFileType = file; path = ostrich.mp4; sourceTree = "<group>"; };
		B62829CB2B43D0B9004AE819 /* zebra.mp4 */ = {isa = PBXFileReference; lastKnownFileType = file; path = zebra.mp4; sourceTree = "<group>"; };
		B62829CC2B43D0B9004AE819 /* hippo.mp4 */ = {isa = PBXFileReference; lastKnownFileType = file; path = hippo.mp4; sourceTree = "<group>"; };
		B62829CD2B43D0B9004AE819 /* cheetah.mp4 */ = {isa = PBXFileReference; lastKnownFileType = file; path = cheetah.mp4; sourceTree = "<group>"; };
		B62829CE2B43D0B9004AE819 /* gorilla.mp4 */ = {isa = PBXFileReference; lastKnownFileType = file; path = gorilla.mp4; sourceTree = "<group>"; };
		B62829CF2B43D0B9004AE819 /* elephant.mp4 */ = {isa = PBXFileReference; lastKnownFileType = file; path = elephant.mp4; sourceTree = "<group>"; };
		B62829D02B43D0B9004AE819 /* lioness.mp4 */ = {isa = PBXFileReference; lastKnownFileType = file; path = lioness.mp4; sourceTree = "<group>"; };
		B62829D12B43D0B9004AE819 /* lion.mp4 */ = {isa = PBXFileReference; lastKnownFileType = file; path = lion.mp4; sourceTree = "<group>"; };
		B62829D22B43D0B9004AE819 /* rhino.mp4 */ = {isa = PBXFileReference; lastKnownFileType = file; path = rhino.mp4; sourceTree = "<group>"; };
		B62829DE2B43D134004AE819 /* locations.json */ = {isa = PBXFileReference; fileEncoding = 4; lastKnownFileType = text.json; path = locations.json; sourceTree = "<group>"; };
		B62829DF2B43D134004AE819 /* covers.json */ = {isa = PBXFileReference; fileEncoding = 4; lastKnownFileType = text.json; path = covers.json; sourceTree = "<group>"; };
		B62829E02B43D134004AE819 /* animals.json */ = {isa = PBXFileReference; fileEncoding = 4; lastKnownFileType = text.json; path = animals.json; sourceTree = "<group>"; };
		B62829E12B43D134004AE819 /* videos.json */ = {isa = PBXFileReference; fileEncoding = 4; lastKnownFileType = text.json; path = videos.json; sourceTree = "<group>"; };
		B62829E62B43D288004AE819 /* Info.plist */ = {isa = PBXFileReference; lastKnownFileType = text.plist; path = Info.plist; sourceTree = "<group>"; };
		B62829EA2B43D56B004AE819 /* MainView.swift */ = {isa = PBXFileReference; lastKnownFileType = sourcecode.swift; path = MainView.swift; sourceTree = "<group>"; };
		B62829EC2B43D5E1004AE819 /* VideoListView.swift */ = {isa = PBXFileReference; lastKnownFileType = sourcecode.swift; path = VideoListView.swift; sourceTree = "<group>"; };
		B62829EE2B43D609004AE819 /* MapView.swift */ = {isa = PBXFileReference; lastKnownFileType = sourcecode.swift; path = MapView.swift; sourceTree = "<group>"; };
		B62829F02B43D635004AE819 /* GalleryView.swift */ = {isa = PBXFileReference; lastKnownFileType = sourcecode.swift; path = GalleryView.swift; sourceTree = "<group>"; };
		B62829F22B43E315004AE819 /* CoverImageView.swift */ = {isa = PBXFileReference; lastKnownFileType = sourcecode.swift; path = CoverImageView.swift; sourceTree = "<group>"; };
		B62829F42B43EEDD004AE819 /* CoverImageModel.swift */ = {isa = PBXFileReference; lastKnownFileType = sourcecode.swift; path = CoverImageModel.swift; sourceTree = "<group>"; };
		B62829F62B43F494004AE819 /* CodableBundleExtension.swift */ = {isa = PBXFileReference; lastKnownFileType = sourcecode.swift; path = CodableBundleExtension.swift; sourceTree = "<group>"; };
		B62829F92B4408C7004AE819 /* AnimalListView.swift */ = {isa = PBXFileReference; lastKnownFileType = sourcecode.swift; path = AnimalListView.swift; sourceTree = "<group>"; };
		B62829FB2B441062004AE819 /* AnimalListModel.swift */ = {isa = PBXFileReference; lastKnownFileType = sourcecode.swift; path = AnimalListModel.swift; sourceTree = "<group>"; };
		B62829FD2B441411004AE819 /* AnimalDetailedView.swift */ = {isa = PBXFileReference; lastKnownFileType = sourcecode.swift; path = AnimalDetailedView.swift; sourceTree = "<group>"; };
		B6282A012B442575004AE819 /* AnimalGalleryView.swift */ = {isa = PBXFileReference; lastKnownFileType = sourcecode.swift; path = AnimalGalleryView.swift; sourceTree = "<group>"; };
		B6282A032B4427B4004AE819 /* SubHeadingView.swift */ = {isa = PBXFileReference; lastKnownFileType = sourcecode.swift; path = SubHeadingView.swift; sourceTree = "<group>"; };
		B6282A052B443B68004AE819 /* InsetFactView.swift */ = {isa = PBXFileReference; lastKnownFileType = sourcecode.swift; path = InsetFactView.swift; sourceTree = "<group>"; };
		B6BDE9012B43C95700929211 /* Africa.app */ = {isa = PBXFileReference; explicitFileType = wrapper.application; includeInIndex = 0; path = Africa.app; sourceTree = BUILT_PRODUCTS_DIR; };
		B6BDE9042B43C95700929211 /* AfricaApp.swift */ = {isa = PBXFileReference; lastKnownFileType = sourcecode.swift; path = AfricaApp.swift; sourceTree = "<group>"; };
		B6BDE9062B43C95700929211 /* ContentView.swift */ = {isa = PBXFileReference; lastKnownFileType = sourcecode.swift; path = ContentView.swift; sourceTree = "<group>"; };
		B6BDE9082B43C95A00929211 /* Assets.xcassets */ = {isa = PBXFileReference; lastKnownFileType = folder.assetcatalog; path = Assets.xcassets; sourceTree = "<group>"; };
		B6BDE90B2B43C95A00929211 /* Preview Assets.xcassets */ = {isa = PBXFileReference; lastKnownFileType = folder.assetcatalog; path = "Preview Assets.xcassets"; sourceTree = "<group>"; };
/* End PBXFileReference section */

/* Begin PBXFrameworksBuildPhase section */
		B6BDE8FE2B43C95700929211 /* Frameworks */ = {
			isa = PBXFrameworksBuildPhase;
			buildActionMask = 2147483647;
			files = (
			);
			runOnlyForDeploymentPostprocessing = 0;
		};
/* End PBXFrameworksBuildPhase section */

/* Begin PBXGroup section */
		B62829C82B43D0B9004AE819 /* Video */ = {
			isa = PBXGroup;
			children = (
				B62829C92B43D0B9004AE819 /* giraffe.mp4 */,
				B62829CA2B43D0B9004AE819 /* ostrich.mp4 */,
				B62829CB2B43D0B9004AE819 /* zebra.mp4 */,
				B62829CC2B43D0B9004AE819 /* hippo.mp4 */,
				B62829CD2B43D0B9004AE819 /* cheetah.mp4 */,
				B62829CE2B43D0B9004AE819 /* gorilla.mp4 */,
				B62829CF2B43D0B9004AE819 /* elephant.mp4 */,
				B62829D02B43D0B9004AE819 /* lioness.mp4 */,
				B62829D12B43D0B9004AE819 /* lion.mp4 */,
				B62829D22B43D0B9004AE819 /* rhino.mp4 */,
			);
			path = Video;
			sourceTree = "<group>";
		};
		B62829DD2B43D134004AE819 /* Data */ = {
			isa = PBXGroup;
			children = (
				B62829DE2B43D134004AE819 /* locations.json */,
				B62829DF2B43D134004AE819 /* covers.json */,
				B62829E02B43D134004AE819 /* animals.json */,
				B62829E12B43D134004AE819 /* videos.json */,
			);
			path = Data;
			sourceTree = "<group>";
		};
		B62829E72B43D435004AE819 /* App */ = {
			isa = PBXGroup;
			children = (
				B6BDE9042B43C95700929211 /* AfricaApp.swift */,
				B62829EA2B43D56B004AE819 /* MainView.swift */,
				B6BDE9062B43C95700929211 /* ContentView.swift */,
				B62829EC2B43D5E1004AE819 /* VideoListView.swift */,
				B62829EE2B43D609004AE819 /* MapView.swift */,
				B62829F02B43D635004AE819 /* GalleryView.swift */,
			);
			path = App;
			sourceTree = "<group>";
		};
		B62829E82B43D494004AE819 /* View */ = {
			isa = PBXGroup;
			children = (
				B62829FD2B441411004AE819 /* AnimalDetailedView.swift */,
				B62829F22B43E315004AE819 /* CoverImageView.swift */,
				B62829F92B4408C7004AE819 /* AnimalListView.swift */,
				B6282A012B442575004AE819 /* AnimalGalleryView.swift */,
				B6282A032B4427B4004AE819 /* SubHeadingView.swift */,
				B6282A052B443B68004AE819 /* InsetFactView.swift */,
			);
			path = View;
			sourceTree = "<group>";
		};
		B62829E92B43D49B004AE819 /* Model */ = {
			isa = PBXGroup;
			children = (
				B62829F42B43EEDD004AE819 /* CoverImageModel.swift */,
				B62829FB2B441062004AE819 /* AnimalListModel.swift */,
			);
			path = Model;
			sourceTree = "<group>";
		};
		B62829F82B43F499004AE819 /* Extension */ = {
			isa = PBXGroup;
			children = (
				B62829F62B43F494004AE819 /* CodableBundleExtension.swift */,
			);
			path = Extension;
			sourceTree = "<group>";
		};
		B6BDE8F82B43C95600929211 = {
			isa = PBXGroup;
			children = (
				B6BDE9032B43C95700929211 /* Africa */,
				B6BDE9022B43C95700929211 /* Products */,
			);
			sourceTree = "<group>";
		};
		B6BDE9022B43C95700929211 /* Products */ = {
			isa = PBXGroup;
			children = (
				B6BDE9012B43C95700929211 /* Africa.app */,
			);
			name = Products;
			sourceTree = "<group>";
		};
		B6BDE9032B43C95700929211 /* Africa */ = {
			isa = PBXGroup;
			children = (
				B62829F82B43F499004AE819 /* Extension */,
				B62829E82B43D494004AE819 /* View */,
				B62829E92B43D49B004AE819 /* Model */,
				B62829E72B43D435004AE819 /* App */,
				B62829E62B43D288004AE819 /* Info.plist */,
				B62829DD2B43D134004AE819 /* Data */,
				B62829C82B43D0B9004AE819 /* Video */,
				B6BDE9082B43C95A00929211 /* Assets.xcassets */,
				B6BDE90A2B43C95A00929211 /* Preview Content */,
			);
			path = Africa;
			sourceTree = "<group>";
		};
		B6BDE90A2B43C95A00929211 /* Preview Content */ = {
			isa = PBXGroup;
			children = (
				B6BDE90B2B43C95A00929211 /* Preview Assets.xcassets */,
			);
			path = "Preview Content";
			sourceTree = "<group>";
		};
/* End PBXGroup section */

/* Begin PBXNativeTarget section */
		B6BDE9002B43C95700929211 /* Africa */ = {
			isa = PBXNativeTarget;
			buildConfigurationList = B6BDE90F2B43C95A00929211 /* Build configuration list for PBXNativeTarget "Africa" */;
			buildPhases = (
				B6BDE8FD2B43C95700929211 /* Sources */,
				B6BDE8FE2B43C95700929211 /* Frameworks */,
				B6BDE8FF2B43C95700929211 /* Resources */,
			);
			buildRules = (
			);
			dependencies = (
			);
			name = Africa;
			productName = Africa;
			productReference = B6BDE9012B43C95700929211 /* Africa.app */;
			productType = "com.apple.product-type.application";
		};
/* End PBXNativeTarget section */

/* Begin PBXProject section */
		B6BDE8F92B43C95600929211 /* Project object */ = {
			isa = PBXProject;
			attributes = {
				BuildIndependentTargetsInParallel = 1;
				LastSwiftUpdateCheck = 1500;
				LastUpgradeCheck = 1500;
				TargetAttributes = {
					B6BDE9002B43C95700929211 = {
						CreatedOnToolsVersion = 15.0;
					};
				};
			};
			buildConfigurationList = B6BDE8FC2B43C95600929211 /* Build configuration list for PBXProject "Africa" */;
			compatibilityVersion = "Xcode 14.0";
			developmentRegion = en;
			hasScannedForEncodings = 0;
			knownRegions = (
				en,
				Base,
			);
			mainGroup = B6BDE8F82B43C95600929211;
			productRefGroup = B6BDE9022B43C95700929211 /* Products */;
			projectDirPath = "";
			projectRoot = "";
			targets = (
				B6BDE9002B43C95700929211 /* Africa */,
			);
		};
/* End PBXProject section */

/* Begin PBXResourcesBuildPhase section */
		B6BDE8FF2B43C95700929211 /* Resources */ = {
			isa = PBXResourcesBuildPhase;
			buildActionMask = 2147483647;
			files = (
				B62829E42B43D134004AE819 /* animals.json in Resources */,
				B62829E22B43D134004AE819 /* locations.json in Resources */,
				B62829DC2B43D0B9004AE819 /* rhino.mp4 in Resources */,
				B6BDE90C2B43C95A00929211 /* Preview Assets.xcassets in Resources */,
				B62829D52B43D0B9004AE819 /* zebra.mp4 in Resources */,
				B6BDE9092B43C95A00929211 /* Assets.xcassets in Resources */,
				B62829D42B43D0B9004AE819 /* ostrich.mp4 in Resources */,
				B62829D82B43D0B9004AE819 /* gorilla.mp4 in Resources */,
				B62829E32B43D134004AE819 /* covers.json in Resources */,
				B62829D62B43D0B9004AE819 /* hippo.mp4 in Resources */,
				B62829D32B43D0B9004AE819 /* giraffe.mp4 in Resources */,
				B62829DA2B43D0B9004AE819 /* lioness.mp4 in Resources */,
				B62829DB2B43D0B9004AE819 /* lion.mp4 in Resources */,
				B62829E52B43D134004AE819 /* videos.json in Resources */,
				B62829D72B43D0B9004AE819 /* cheetah.mp4 in Resources */,
				B62829D92B43D0B9004AE819 /* elephant.mp4 in Resources */,
			);
			runOnlyForDeploymentPostprocessing = 0;
		};
/* End PBXResourcesBuildPhase section */

/* Begin PBXSourcesBuildPhase section */
		B6BDE8FD2B43C95700929211 /* Sources */ = {
			isa = PBXSourcesBuildPhase;
			buildActionMask = 2147483647;
			files = (
				B62829FA2B4408C7004AE819 /* AnimalListView.swift in Sources */,
				B62829ED2B43D5E1004AE819 /* VideoListView.swift in Sources */,
				B62829F12B43D635004AE819 /* GalleryView.swift in Sources */,
				B6282A062B443B68004AE819 /* InsetFactView.swift in Sources */,
				B62829F32B43E315004AE819 /* CoverImageView.swift in Sources */,
				B62829FE2B441411004AE819 /* AnimalDetailedView.swift in Sources */,
				B62829F52B43EEDD004AE819 /* CoverImageModel.swift in Sources */,
				B6BDE9072B43C95700929211 /* ContentView.swift in Sources */,
				B62829EF2B43D609004AE819 /* MapView.swift in Sources */,
				B62829EB2B43D56B004AE819 /* MainView.swift in Sources */,
				B6BDE9052B43C95700929211 /* AfricaApp.swift in Sources */,
				B6282A042B4427B4004AE819 /* SubHeadingView.swift in Sources */,
				B62829F72B43F494004AE819 /* CodableBundleExtension.swift in Sources */,
				B62829FC2B441062004AE819 /* AnimalListModel.swift in Sources */,
				B6282A022B442575004AE819 /* AnimalGalleryView.swift in Sources */,
			);
			runOnlyForDeploymentPostprocessing = 0;
		};
/* End PBXSourcesBuildPhase section */

/* Begin XCBuildConfiguration section */
		B6BDE90D2B43C95A00929211 /* Debug */ = {
			isa = XCBuildConfiguration;
			buildSettings = {
				ALWAYS_SEARCH_USER_PATHS = NO;
				ASSETCATALOG_COMPILER_GENERATE_SWIFT_ASSET_SYMBOL_EXTENSIONS = YES;
				CLANG_ANALYZER_NONNULL = YES;
				CLANG_ANALYZER_NUMBER_OBJECT_CONVERSION = YES_AGGRESSIVE;
				CLANG_CXX_LANGUAGE_STANDARD = "gnu++20";
				CLANG_ENABLE_MODULES = YES;
				CLANG_ENABLE_OBJC_ARC = YES;
				CLANG_ENABLE_OBJC_WEAK = YES;
				CLANG_WARN_BLOCK_CAPTURE_AUTORELEASING = YES;
				CLANG_WARN_BOOL_CONVERSION = YES;
				CLANG_WARN_COMMA = YES;
				CLANG_WARN_CONSTANT_CONVERSION = YES;
				CLANG_WARN_DEPRECATED_OBJC_IMPLEMENTATIONS = YES;
				CLANG_WARN_DIRECT_OBJC_ISA_USAGE = YES_ERROR;
				CLANG_WARN_DOCUMENTATION_COMMENTS = YES;
				CLANG_WARN_EMPTY_BODY = YES;
				CLANG_WARN_ENUM_CONVERSION = YES;
				CLANG_WARN_INFINITE_RECURSION = YES;
				CLANG_WARN_INT_CONVERSION = YES;
				CLANG_WARN_NON_LITERAL_NULL_CONVERSION = YES;
				CLANG_WARN_OBJC_IMPLICIT_RETAIN_SELF = YES;
				CLANG_WARN_OBJC_LITERAL_CONVERSION = YES;
				CLANG_WARN_OBJC_ROOT_CLASS = YES_ERROR;
				CLANG_WARN_QUOTED_INCLUDE_IN_FRAMEWORK_HEADER = YES;
				CLANG_WARN_RANGE_LOOP_ANALYSIS = YES;
				CLANG_WARN_STRICT_PROTOTYPES = YES;
				CLANG_WARN_SUSPICIOUS_MOVE = YES;
				CLANG_WARN_UNGUARDED_AVAILABILITY = YES_AGGRESSIVE;
				CLANG_WARN_UNREACHABLE_CODE = YES;
				CLANG_WARN__DUPLICATE_METHOD_MATCH = YES;
				COPY_PHASE_STRIP = NO;
				DEBUG_INFORMATION_FORMAT = dwarf;
				ENABLE_STRICT_OBJC_MSGSEND = YES;
				ENABLE_TESTABILITY = YES;
				ENABLE_USER_SCRIPT_SANDBOXING = YES;
				GCC_C_LANGUAGE_STANDARD = gnu17;
				GCC_DYNAMIC_NO_PIC = NO;
				GCC_NO_COMMON_BLOCKS = YES;
				GCC_OPTIMIZATION_LEVEL = 0;
				GCC_PREPROCESSOR_DEFINITIONS = (
					"DEBUG=1",
					"$(inherited)",
				);
				GCC_WARN_64_TO_32_BIT_CONVERSION = YES;
				GCC_WARN_ABOUT_RETURN_TYPE = YES_ERROR;
				GCC_WARN_UNDECLARED_SELECTOR = YES;
				GCC_WARN_UNINITIALIZED_AUTOS = YES_AGGRESSIVE;
				GCC_WARN_UNUSED_FUNCTION = YES;
				GCC_WARN_UNUSED_VARIABLE = YES;
				IPHONEOS_DEPLOYMENT_TARGET = 17.0;
				LOCALIZATION_PREFERS_STRING_CATALOGS = YES;
				MTL_ENABLE_DEBUG_INFO = INCLUDE_SOURCE;
				MTL_FAST_MATH = YES;
				ONLY_ACTIVE_ARCH = YES;
				SDKROOT = iphoneos;
				SWIFT_ACTIVE_COMPILATION_CONDITIONS = "DEBUG $(inherited)";
				SWIFT_OPTIMIZATION_LEVEL = "-Onone";
			};
			name = Debug;
		};
		B6BDE90E2B43C95A00929211 /* Release */ = {
			isa = XCBuildConfiguration;
			buildSettings = {
				ALWAYS_SEARCH_USER_PATHS = NO;
				ASSETCATALOG_COMPILER_GENERATE_SWIFT_ASSET_SYMBOL_EXTENSIONS = YES;
				CLANG_ANALYZER_NONNULL = YES;
				CLANG_ANALYZER_NUMBER_OBJECT_CONVERSION = YES_AGGRESSIVE;
				CLANG_CXX_LANGUAGE_STANDARD = "gnu++20";
				CLANG_ENABLE_MODULES = YES;
				CLANG_ENABLE_OBJC_ARC = YES;
				CLANG_ENABLE_OBJC_WEAK = YES;
				CLANG_WARN_BLOCK_CAPTURE_AUTORELEASING = YES;
				CLANG_WARN_BOOL_CONVERSION = YES;
				CLANG_WARN_COMMA = YES;
				CLANG_WARN_CONSTANT_CONVERSION = YES;
				CLANG_WARN_DEPRECATED_OBJC_IMPLEMENTATIONS = YES;
				CLANG_WARN_DIRECT_OBJC_ISA_USAGE = YES_ERROR;
				CLANG_WARN_DOCUMENTATION_COMMENTS = YES;
				CLANG_WARN_EMPTY_BODY = YES;
				CLANG_WARN_ENUM_CONVERSION = YES;
				CLANG_WARN_INFINITE_RECURSION = YES;
				CLANG_WARN_INT_CONVERSION = YES;
				CLANG_WARN_NON_LITERAL_NULL_CONVERSION = YES;
				CLANG_WARN_OBJC_IMPLICIT_RETAIN_SELF = YES;
				CLANG_WARN_OBJC_LITERAL_CONVERSION = YES;
				CLANG_WARN_OBJC_ROOT_CLASS = YES_ERROR;
				CLANG_WARN_QUOTED_INCLUDE_IN_FRAMEWORK_HEADER = YES;
				CLANG_WARN_RANGE_LOOP_ANALYSIS = YES;
				CLANG_WARN_STRICT_PROTOTYPES = YES;
				CLANG_WARN_SUSPICIOUS_MOVE = YES;
				CLANG_WARN_UNGUARDED_AVAILABILITY = YES_AGGRESSIVE;
				CLANG_WARN_UNREACHABLE_CODE = YES;
				CLANG_WARN__DUPLICATE_METHOD_MATCH = YES;
				COPY_PHASE_STRIP = NO;
				DEBUG_INFORMATION_FORMAT = "dwarf-with-dsym";
				ENABLE_NS_ASSERTIONS = NO;
				ENABLE_STRICT_OBJC_MSGSEND = YES;
				ENABLE_USER_SCRIPT_SANDBOXING = YES;
				GCC_C_LANGUAGE_STANDARD = gnu17;
				GCC_NO_COMMON_BLOCKS = YES;
				GCC_WARN_64_TO_32_BIT_CONVERSION = YES;
				GCC_WARN_ABOUT_RETURN_TYPE = YES_ERROR;
				GCC_WARN_UNDECLARED_SELECTOR = YES;
				GCC_WARN_UNINITIALIZED_AUTOS = YES_AGGRESSIVE;
				GCC_WARN_UNUSED_FUNCTION = YES;
				GCC_WARN_UNUSED_VARIABLE = YES;
				IPHONEOS_DEPLOYMENT_TARGET = 17.0;
				LOCALIZATION_PREFERS_STRING_CATALOGS = YES;
				MTL_ENABLE_DEBUG_INFO = NO;
				MTL_FAST_MATH = YES;
				SDKROOT = iphoneos;
				SWIFT_COMPILATION_MODE = wholemodule;
				VALIDATE_PRODUCT = YES;
			};
			name = Release;
		};
		B6BDE9102B43C95A00929211 /* Debug */ = {
			isa = XCBuildConfiguration;
			buildSettings = {
				ASSETCATALOG_COMPILER_APPICON_NAME = AppIcon;
				ASSETCATALOG_COMPILER_GLOBAL_ACCENT_COLOR_NAME = AccentColor;
				CODE_SIGN_STYLE = Automatic;
				CURRENT_PROJECT_VERSION = 1;
				DEVELOPMENT_ASSET_PATHS = "\"Africa/Preview Content\"";
				DEVELOPMENT_TEAM = F98S654BQU;
				ENABLE_PREVIEWS = YES;
				GENERATE_INFOPLIST_FILE = YES;
				INFOPLIST_FILE = Africa/Info.plist;
				INFOPLIST_KEY_UIApplicationSceneManifest_Generation = YES;
				INFOPLIST_KEY_UIApplicationSupportsIndirectInputEvents = YES;
				INFOPLIST_KEY_UISupportedInterfaceOrientations_iPad = "UIInterfaceOrientationPortrait UIInterfaceOrientationPortraitUpsideDown UIInterfaceOrientationLandscapeLeft UIInterfaceOrientationLandscapeRight";
				INFOPLIST_KEY_UISupportedInterfaceOrientations_iPhone = "UIInterfaceOrientationPortrait UIInterfaceOrientationLandscapeLeft UIInterfaceOrientationLandscapeRight";
				INFOPLIST_KEY_UIUserInterfaceStyle = Dark;
				LD_RUNPATH_SEARCH_PATHS = (
					"$(inherited)",
					"@executable_path/Frameworks",
				);
				MARKETING_VERSION = 1.0;
				PRODUCT_BUNDLE_IDENTIFIER = io.xotech.Africa;
				PRODUCT_NAME = "$(TARGET_NAME)";
				SWIFT_EMIT_LOC_STRINGS = YES;
				SWIFT_VERSION = 5.0;
				TARGETED_DEVICE_FAMILY = "1,2";
			};
			name = Debug;
		};
		B6BDE9112B43C95A00929211 /* Release */ = {
			isa = XCBuildConfiguration;
			buildSettings = {
				ASSETCATALOG_COMPILER_APPICON_NAME = AppIcon;
				ASSETCATALOG_COMPILER_GLOBAL_ACCENT_COLOR_NAME = AccentColor;
				CODE_SIGN_STYLE = Automatic;
				CURRENT_PROJECT_VERSION = 1;
				DEVELOPMENT_ASSET_PATHS = "\"Africa/Preview Content\"";
				DEVELOPMENT_TEAM = F98S654BQU;
				ENABLE_PREVIEWS = YES;
				GENERATE_INFOPLIST_FILE = YES;
				INFOPLIST_FILE = Africa/Info.plist;
				INFOPLIST_KEY_UIApplicationSceneManifest_Generation = YES;
				INFOPLIST_KEY_UIApplicationSupportsIndirectInputEvents = YES;
				INFOPLIST_KEY_UISupportedInterfaceOrientations_iPad = "UIInterfaceOrientationPortrait UIInterfaceOrientationPortraitUpsideDown UIInterfaceOrientationLandscapeLeft UIInterfaceOrientationLandscapeRight";
				INFOPLIST_KEY_UISupportedInterfaceOrientations_iPhone = "UIInterfaceOrientationPortrait UIInterfaceOrientationLandscapeLeft UIInterfaceOrientationLandscapeRight";
				INFOPLIST_KEY_UIUserInterfaceStyle = Dark;
				LD_RUNPATH_SEARCH_PATHS = (
					"$(inherited)",
					"@executable_path/Frameworks",
				);
				MARKETING_VERSION = 1.0;
				PRODUCT_BUNDLE_IDENTIFIER = io.xotech.Africa;
				PRODUCT_NAME = "$(TARGET_NAME)";
				SWIFT_EMIT_LOC_STRINGS = YES;
				SWIFT_VERSION = 5.0;
				TARGETED_DEVICE_FAMILY = "1,2";
			};
			name = Release;
		};
/* End XCBuildConfiguration section */

/* Begin XCConfigurationList section */
		B6BDE8FC2B43C95600929211 /* Build configuration list for PBXProject "Africa" */ = {
			isa = XCConfigurationList;
			buildConfigurations = (
				B6BDE90D2B43C95A00929211 /* Debug */,
				B6BDE90E2B43C95A00929211 /* Release */,
			);
			defaultConfigurationIsVisible = 0;
			defaultConfigurationName = Release;
		};
		B6BDE90F2B43C95A00929211 /* Build configuration list for PBXNativeTarget "Africa" */ = {
			isa = XCConfigurationList;
			buildConfigurations = (
				B6BDE9102B43C95A00929211 /* Debug */,
				B6BDE9112B43C95A00929211 /* Release */,
			);
			defaultConfigurationIsVisible = 0;
			defaultConfigurationName = Release;
		};
/* End XCConfigurationList section */
	};
	rootObject = B6BDE8F92B43C95600929211 /* Project object */;
}
